
Microsoft Visual Studio Solution File, Format Version 12.00
# Visual Studio Version 17
VisualStudioVersion = 17.8.34309.116
MinimumVisualStudioVersion = 10.0.40219.1
Project("{FAE04EC0-301F-11D3-BF4B-00C04F79EFBC}") = "Trabajo-Santiago-Marcos", "Trabajo-Santiago-Marcos\Trabajo-Santiago-Marcos.csproj", "{A37686DC-E621-451D-B99F-BD6F25FD3B5C}"
EndProject
Global
	GlobalSection(SolutionConfigurationPlatforms) = preSolution
		Debug|Any CPU = Debug|Any CPU
		Release|Any CPU = Release|Any CPU
	EndGlobalSection
	GlobalSection(ProjectConfigurationPlatforms) = postSolution
		{A37686DC-E621-451D-B99F-BD6F25FD3B5C}.Debug|Any CPU.ActiveCfg = Debug|Any CPU
		{A37686DC-E621-451D-B99F-BD6F25FD3B5C}.Debug|Any CPU.Build.0 = Debug|Any CPU
		{A37686DC-E621-451D-B99F-BD6F25FD3B5C}.Release|Any CPU.ActiveCfg = Release|Any CPU
		{A37686DC-E621-451D-B99F-BD6F25FD3B5C}.Release|Any CPU.Build.0 = Release|Any CPU
	EndGlobalSection
	GlobalSection(SolutionProperties) = preSolution
		HideSolutionNode = FALSE
	EndGlobalSection
	GlobalSection(ExtensibilityGlobals) = postSolution
		SolutionGuid = {334590AE-332F-4210-B8F1-F0510B66F219}
	EndGlobalSection
EndGlobal
